# THIS IS AN AUTOGENERATED FILE. DO NOT EDIT THIS FILE DIRECTLY.
# yarn lockfile v1


"@esbuild/aix-ppc64@0.21.5":
  version "0.21.5"
  resolved "https://registry.yarnpkg.com/@esbuild/aix-ppc64/-/aix-ppc64-0.21.5.tgz#c7184a326533fcdf1b8ee0733e21c713b975575f"
  integrity sha512-1SDgH6ZSPTlggy1yI6+Dbkiz8xzpHJEVAlF/AM1tHPLsf5STom9rwtjE4hKAF20FfXXNTFqEYXyJNWh1GiZedQ==

"@esbuild/android-arm64@0.21.5":
  version "0.21.5"
  resolved "https://registry.yarnpkg.com/@esbuild/android-arm64/-/android-arm64-0.21.5.tgz#09d9b4357780da9ea3a7dfb833a1f1ff439b4052"
  integrity sha512-c0uX9VAUBQ7dTDCjq+wdyGLowMdtR/GoC2U5IYk/7D1H1JYC0qseD7+11iMP2mRLN9RcCMRcjC4YMclCzGwS/A==

"@esbuild/android-arm@0.21.5":
  version "0.21.5"
  resolved "https://registry.yarnpkg.com/@esbuild/android-arm/-/android-arm-0.21.5.tgz#9b04384fb771926dfa6d7ad04324ecb2ab9b2e28"
  integrity sha512-vCPvzSjpPHEi1siZdlvAlsPxXl7WbOVUBBAowWug4rJHb68Ox8KualB+1ocNvT5fjv6wpkX6o/iEpbDrf68zcg==

"@esbuild/android-x64@0.21.5":
  version "0.21.5"
  resolved "https://registry.yarnpkg.com/@esbuild/android-x64/-/android-x64-0.21.5.tgz#29918ec2db754cedcb6c1b04de8cd6547af6461e"
  integrity sha512-D7aPRUUNHRBwHxzxRvp856rjUHRFW1SdQATKXH2hqA0kAZb1hKmi02OpYRacl0TxIGz/ZmXWlbZgjwWYaCakTA==

"@esbuild/darwin-arm64@0.21.5":
  version "0.21.5"
  resolved "https://registry.yarnpkg.com/@esbuild/darwin-arm64/-/darwin-arm64-0.21.5.tgz#e495b539660e51690f3928af50a76fb0a6ccff2a"
  integrity sha512-DwqXqZyuk5AiWWf3UfLiRDJ5EDd49zg6O9wclZ7kUMv2WRFr4HKjXp/5t8JZ11QbQfUS6/cRCKGwYhtNAY88kQ==

"@esbuild/darwin-x64@0.21.5":
  version "0.21.5"
  resolved "https://registry.yarnpkg.com/@esbuild/darwin-x64/-/darwin-x64-0.21.5.tgz#c13838fa57372839abdddc91d71542ceea2e1e22"
  integrity sha512-se/JjF8NlmKVG4kNIuyWMV/22ZaerB+qaSi5MdrXtd6R08kvs2qCN4C09miupktDitvh8jRFflwGFBQcxZRjbw==

"@esbuild/freebsd-arm64@0.21.5":
  version "0.21.5"
  resolved "https://registry.yarnpkg.com/@esbuild/freebsd-arm64/-/freebsd-arm64-0.21.5.tgz#646b989aa20bf89fd071dd5dbfad69a3542e550e"
  integrity sha512-5JcRxxRDUJLX8JXp/wcBCy3pENnCgBR9bN6JsY4OmhfUtIHe3ZW0mawA7+RDAcMLrMIZaf03NlQiX9DGyB8h4g==

"@esbuild/freebsd-x64@0.21.5":
  version "0.21.5"
  resolved "https://registry.yarnpkg.com/@esbuild/freebsd-x64/-/freebsd-x64-0.21.5.tgz#aa615cfc80af954d3458906e38ca22c18cf5c261"
  integrity sha512-J95kNBj1zkbMXtHVH29bBriQygMXqoVQOQYA+ISs0/2l3T9/kj42ow2mpqerRBxDJnmkUDCaQT/dfNXWX/ZZCQ==

"@esbuild/linux-arm64@0.21.5":
  version "0.21.5"
  resolved "https://registry.yarnpkg.com/@esbuild/linux-arm64/-/linux-arm64-0.21.5.tgz#70ac6fa14f5cb7e1f7f887bcffb680ad09922b5b"
  integrity sha512-ibKvmyYzKsBeX8d8I7MH/TMfWDXBF3db4qM6sy+7re0YXya+K1cem3on9XgdT2EQGMu4hQyZhan7TeQ8XkGp4Q==

"@esbuild/linux-arm@0.21.5":
  version "0.21.5"
  resolved "https://registry.yarnpkg.com/@esbuild/linux-arm/-/linux-arm-0.21.5.tgz#fc6fd11a8aca56c1f6f3894f2bea0479f8f626b9"
  integrity sha512-bPb5AHZtbeNGjCKVZ9UGqGwo8EUu4cLq68E95A53KlxAPRmUyYv2D6F0uUI65XisGOL1hBP5mTronbgo+0bFcA==

"@esbuild/linux-ia32@0.21.5":
  version "0.21.5"
  resolved "https://registry.yarnpkg.com/@esbuild/linux-ia32/-/linux-ia32-0.21.5.tgz#3271f53b3f93e3d093d518d1649d6d68d346ede2"
  integrity sha512-YvjXDqLRqPDl2dvRODYmmhz4rPeVKYvppfGYKSNGdyZkA01046pLWyRKKI3ax8fbJoK5QbxblURkwK/MWY18Tg==

"@esbuild/linux-loong64@0.21.5":
  version "0.21.5"
  resolved "https://registry.yarnpkg.com/@esbuild/linux-loong64/-/linux-loong64-0.21.5.tgz#ed62e04238c57026aea831c5a130b73c0f9f26df"
  integrity sha512-uHf1BmMG8qEvzdrzAqg2SIG/02+4/DHB6a9Kbya0XDvwDEKCoC8ZRWI5JJvNdUjtciBGFQ5PuBlpEOXQj+JQSg==

"@esbuild/linux-mips64el@0.21.5":
  version "0.21.5"
  resolved "https://registry.yarnpkg.com/@esbuild/linux-mips64el/-/linux-mips64el-0.21.5.tgz#e79b8eb48bf3b106fadec1ac8240fb97b4e64cbe"
  integrity sha512-IajOmO+KJK23bj52dFSNCMsz1QP1DqM6cwLUv3W1QwyxkyIWecfafnI555fvSGqEKwjMXVLokcV5ygHW5b3Jbg==

"@esbuild/linux-ppc64@0.21.5":
  version "0.21.5"
  resolved "https://registry.yarnpkg.com/@esbuild/linux-ppc64/-/linux-ppc64-0.21.5.tgz#5f2203860a143b9919d383ef7573521fb154c3e4"
  integrity sha512-1hHV/Z4OEfMwpLO8rp7CvlhBDnjsC3CttJXIhBi+5Aj5r+MBvy4egg7wCbe//hSsT+RvDAG7s81tAvpL2XAE4w==

"@esbuild/linux-riscv64@0.21.5":
  version "0.21.5"
  resolved "https://registry.yarnpkg.com/@esbuild/linux-riscv64/-/linux-riscv64-0.21.5.tgz#07bcafd99322d5af62f618cb9e6a9b7f4bb825dc"
  integrity sha512-2HdXDMd9GMgTGrPWnJzP2ALSokE/0O5HhTUvWIbD3YdjME8JwvSCnNGBnTThKGEB91OZhzrJ4qIIxk/SBmyDDA==

"@esbuild/linux-s390x@0.21.5":
  version "0.21.5"
  resolved "https://registry.yarnpkg.com/@esbuild/linux-s390x/-/linux-s390x-0.21.5.tgz#b7ccf686751d6a3e44b8627ababc8be3ef62d8de"
  integrity sha512-zus5sxzqBJD3eXxwvjN1yQkRepANgxE9lgOW2qLnmr8ikMTphkjgXu1HR01K4FJg8h1kEEDAqDcZQtbrRnB41A==

"@esbuild/linux-x64@0.21.5":
  version "0.21.5"
  resolved "https://registry.yarnpkg.com/@esbuild/linux-x64/-/linux-x64-0.21.5.tgz#6d8f0c768e070e64309af8004bb94e68ab2bb3b0"
  integrity sha512-1rYdTpyv03iycF1+BhzrzQJCdOuAOtaqHTWJZCWvijKD2N5Xu0TtVC8/+1faWqcP9iBCWOmjmhoH94dH82BxPQ==

"@esbuild/netbsd-x64@0.21.5":
  version "0.21.5"
  resolved "https://registry.yarnpkg.com/@esbuild/netbsd-x64/-/netbsd-x64-0.21.5.tgz#bbe430f60d378ecb88decb219c602667387a6047"
  integrity sha512-Woi2MXzXjMULccIwMnLciyZH4nCIMpWQAs049KEeMvOcNADVxo0UBIQPfSmxB3CWKedngg7sWZdLvLczpe0tLg==

"@esbuild/openbsd-x64@0.21.5":
  version "0.21.5"
  resolved "https://registry.yarnpkg.com/@esbuild/openbsd-x64/-/openbsd-x64-0.21.5.tgz#99d1cf2937279560d2104821f5ccce220cb2af70"
  integrity sha512-HLNNw99xsvx12lFBUwoT8EVCsSvRNDVxNpjZ7bPn947b8gJPzeHWyNVhFsaerc0n3TsbOINvRP2byTZ5LKezow==

"@esbuild/sunos-x64@0.21.5":
  version "0.21.5"
  resolved "https://registry.yarnpkg.com/@esbuild/sunos-x64/-/sunos-x64-0.21.5.tgz#08741512c10d529566baba837b4fe052c8f3487b"
  integrity sha512-6+gjmFpfy0BHU5Tpptkuh8+uw3mnrvgs+dSPQXQOv3ekbordwnzTVEb4qnIvQcYXq6gzkyTnoZ9dZG+D4garKg==

"@esbuild/win32-arm64@0.21.5":
  version "0.21.5"
  resolved "https://registry.yarnpkg.com/@esbuild/win32-arm64/-/win32-arm64-0.21.5.tgz#675b7385398411240735016144ab2e99a60fc75d"
  integrity sha512-Z0gOTd75VvXqyq7nsl93zwahcTROgqvuAcYDUr+vOv8uHhNSKROyU961kgtCD1e95IqPKSQKH7tBTslnS3tA8A==

"@esbuild/win32-ia32@0.21.5":
  version "0.21.5"
  resolved "https://registry.yarnpkg.com/@esbuild/win32-ia32/-/win32-ia32-0.21.5.tgz#1bfc3ce98aa6ca9a0969e4d2af72144c59c1193b"
  integrity sha512-SWXFF1CL2RVNMaVs+BBClwtfZSvDgtL//G/smwAc5oVK/UPu2Gu9tIaRgFmYFFKrmg3SyAjSrElf0TiJ1v8fYA==

"@esbuild/win32-x64@0.21.5":
  version "0.21.5"
  resolved "https://registry.yarnpkg.com/@esbuild/win32-x64/-/win32-x64-0.21.5.tgz#acad351d582d157bb145535db2a6ff53dd514b5c"
  integrity sha512-tQd/1efJuzPC6rCFwEvLtci/xNFcTZknmXs98FYDfGE4wP9ClFV98nyKrzJKVPMhdDnjzLhdUyMX4PsQAPjwIw==

"@rollup/rollup-android-arm-eabi@4.46.3":
  version "4.46.3"
  resolved "https://registry.yarnpkg.com/@rollup/rollup-android-arm-eabi/-/rollup-android-arm-eabi-4.46.3.tgz#8d8afcc5a79a3f190c5f855facde6e0da6a5b7ea"
  integrity sha512-UmTdvXnLlqQNOCJnyksjPs1G4GqXNGW1LrzCe8+8QoaLhhDeTXYBgJ3k6x61WIhlHX2U+VzEJ55TtIjR/HTySA==

"@rollup/rollup-android-arm64@4.46.3":
  version "4.46.3"
  resolved "https://registry.yarnpkg.com/@rollup/rollup-android-arm64/-/rollup-android-arm64-4.46.3.tgz#bed8ee4c2b31fd255fb91c2f52949dffef16ecf1"
  integrity sha512-8NoxqLpXm7VyeI0ocidh335D6OKT0UJ6fHdnIxf3+6oOerZZc+O7r+UhvROji6OspyPm+rrIdb1gTXtVIqn+Sg==

"@rollup/rollup-darwin-arm64@4.46.3":
  version "4.46.3"
  resolved "https://registry.yarnpkg.com/@rollup/rollup-darwin-arm64/-/rollup-darwin-arm64-4.46.3.tgz#ee2a75deb8786b394c7f1777cc0c2ae2c3680469"
  integrity sha512-csnNavqZVs1+7/hUKtgjMECsNG2cdB8F7XBHP6FfQjqhjF8rzMzb3SLyy/1BG7YSfQ+bG75Ph7DyedbUqwq1rA==

"@rollup/rollup-darwin-x64@4.46.3":
  version "4.46.3"
  resolved "https://registry.yarnpkg.com/@rollup/rollup-darwin-x64/-/rollup-darwin-x64-4.46.3.tgz#f5a01577c40830c423855492ecd8d3a7ae1b4836"
  integrity sha512-r2MXNjbuYabSIX5yQqnT8SGSQ26XQc8fmp6UhlYJd95PZJkQD1u82fWP7HqvGUf33IsOC6qsiV+vcuD4SDP6iw==

"@rollup/rollup-freebsd-arm64@4.46.3":
  version "4.46.3"
  resolved "https://registry.yarnpkg.com/@rollup/rollup-freebsd-arm64/-/rollup-freebsd-arm64-4.46.3.tgz#d272eed9c14efc149bab316de364c04f236c544f"
  integrity sha512-uluObTmgPJDuJh9xqxyr7MV61Imq+0IvVsAlWyvxAaBSNzCcmZlhfYcRhCdMaCsy46ccZa7vtDDripgs9Jkqsw==

"@rollup/rollup-freebsd-x64@4.46.3":
  version "4.46.3"
  resolved "https://registry.yarnpkg.com/@rollup/rollup-freebsd-x64/-/rollup-freebsd-x64-4.46.3.tgz#4c793f86e2dc64e725370daa2bec103f5869b5a6"
  integrity sha512-AVJXEq9RVHQnejdbFvh1eWEoobohUYN3nqJIPI4mNTMpsyYN01VvcAClxflyk2HIxvLpRcRggpX1m9hkXkpC/A==

"@rollup/rollup-linux-arm-gnueabihf@4.46.3":
  version "4.46.3"
  resolved "https://registry.yarnpkg.com/@rollup/rollup-linux-arm-gnueabihf/-/rollup-linux-arm-gnueabihf-4.46.3.tgz#28da78d3709262f0b7ef0ba7e8e6f77c1b2f30a6"
  integrity sha512-byyflM+huiwHlKi7VHLAYTKr67X199+V+mt1iRgJenAI594vcmGGddWlu6eHujmcdl6TqSNnvqaXJqZdnEWRGA==

"@rollup/rollup-linux-arm-musleabihf@4.46.3":
  version "4.46.3"
  resolved "https://registry.yarnpkg.com/@rollup/rollup-linux-arm-musleabihf/-/rollup-linux-arm-musleabihf-4.46.3.tgz#7e3309e6519eca1459038761aad44863e86fc497"
  integrity sha512-aLm3NMIjr4Y9LklrH5cu7yybBqoVCdr4Nvnm8WB7PKCn34fMCGypVNpGK0JQWdPAzR/FnoEoFtlRqZbBBLhVoQ==

"@rollup/rollup-linux-arm64-gnu@4.46.3":
  version "4.46.3"
  resolved "https://registry.yarnpkg.com/@rollup/rollup-linux-arm64-gnu/-/rollup-linux-arm64-gnu-4.46.3.tgz#bc18efe81022baac97566cc0ace04b359eb7cd16"
  integrity sha512-VtilE6eznJRDIoFOzaagQodUksTEfLIsvXymS+UdJiSXrPW7Ai+WG4uapAc3F7Hgs791TwdGh4xyOzbuzIZrnw==

"@rollup/rollup-linux-arm64-musl@4.46.3":
  version "4.46.3"
  resolved "https://registry.yarnpkg.com/@rollup/rollup-linux-arm64-musl/-/rollup-linux-arm64-musl-4.46.3.tgz#3ac849b6c42591014b0cb8e25c9ba1ace8fe19ec"
  integrity sha512-dG3JuS6+cRAL0GQ925Vppafi0qwZnkHdPeuZIxIPXqkCLP02l7ka+OCyBoDEv8S+nKHxfjvjW4OZ7hTdHkx8/w==

"@rollup/rollup-linux-loongarch64-gnu@4.46.3":
  version "4.46.3"
  resolved "https://registry.yarnpkg.com/@rollup/rollup-linux-loongarch64-gnu/-/rollup-linux-loongarch64-gnu-4.46.3.tgz#10260ca0c3682c2904b04bb907163aca8bc5adef"
  integrity sha512-iU8DxnxEKJptf8Vcx4XvAUdpkZfaz0KWfRrnIRrOndL0SvzEte+MTM7nDH4A2Now4FvTZ01yFAgj6TX/mZl8hQ==

"@rollup/rollup-linux-ppc64-gnu@4.46.3":
  version "4.46.3"
  resolved "https://registry.yarnpkg.com/@rollup/rollup-linux-ppc64-gnu/-/rollup-linux-ppc64-gnu-4.46.3.tgz#36b002a84c04f2e18093f563896c95a6e687f28f"
  integrity sha512-VrQZp9tkk0yozJoQvQcqlWiqaPnLM6uY1qPYXvukKePb0fqaiQtOdMJSxNFUZFsGw5oA5vvVokjHrx8a9Qsz2A==

"@rollup/rollup-linux-riscv64-gnu@4.46.3":
  version "4.46.3"
  resolved "https://registry.yarnpkg.com/@rollup/rollup-linux-riscv64-gnu/-/rollup-linux-riscv64-gnu-4.46.3.tgz#ff1b3708624fc8b912e5341431751977b78be273"
  integrity sha512-uf2eucWSUb+M7b0poZ/08LsbcRgaDYL8NCGjUeFMwCWFwOuFcZ8D9ayPl25P3pl+D2FH45EbHdfyUesQ2Lt9wA==

"@rollup/rollup-linux-riscv64-musl@4.46.3":
  version "4.46.3"
  resolved "https://registry.yarnpkg.com/@rollup/rollup-linux-riscv64-musl/-/rollup-linux-riscv64-musl-4.46.3.tgz#ab6f7ef69cdf812eccb318021a8f5c221bd0c048"
  integrity sha512-7tnUcDvN8DHm/9ra+/nF7lLzYHDeODKKKrh6JmZejbh1FnCNZS8zMkZY5J4sEipy2OW1d1Ncc4gNHUd0DLqkSg==

"@rollup/rollup-linux-s390x-gnu@4.46.3":
  version "4.46.3"
  resolved "https://registry.yarnpkg.com/@rollup/rollup-linux-s390x-gnu/-/rollup-linux-s390x-gnu-4.46.3.tgz#60527b48dd84814fa5092a2eef1ac90e2b4bf825"
  integrity sha512-MUpAOallJim8CsJK+4Lc9tQzlfPbHxWDrGXZm2z6biaadNpvh3a5ewcdat478W+tXDoUiHwErX/dOql7ETcLqg==

"@rollup/rollup-linux-x64-gnu@4.46.3":
  version "4.46.3"
  resolved "https://registry.yarnpkg.com/@rollup/rollup-linux-x64-gnu/-/rollup-linux-x64-gnu-4.46.3.tgz#c95698199820782b7420f5472e5d36b681728274"
  integrity sha512-F42IgZI4JicE2vM2PWCe0N5mR5vR0gIdORPqhGQ32/u1S1v3kLtbZ0C/mi9FFk7C5T0PgdeyWEPajPjaUpyoKg==

"@rollup/rollup-linux-x64-musl@4.46.3":
  version "4.46.3"
  resolved "https://registry.yarnpkg.com/@rollup/rollup-linux-x64-musl/-/rollup-linux-x64-musl-4.46.3.tgz#226eb081be8d6698a580022448197b01cb4193a2"
  integrity sha512-oLc+JrwwvbimJUInzx56Q3ujL3Kkhxehg7O1gWAYzm8hImCd5ld1F2Gry5YDjR21MNb5WCKhC9hXgU7rRlyegQ==

"@rollup/rollup-win32-arm64-msvc@4.46.3":
  version "4.46.3"
  resolved "https://registry.yarnpkg.com/@rollup/rollup-win32-arm64-msvc/-/rollup-win32-arm64-msvc-4.46.3.tgz#e900bd51cfc20af2a1c828d999bb49da1bd497eb"
  integrity sha512-lOrQ+BVRstruD1fkWg9yjmumhowR0oLAAzavB7yFSaGltY8klttmZtCLvOXCmGE9mLIn8IBV/IFrQOWz5xbFPg==

"@rollup/rollup-win32-ia32-msvc@4.46.3":
  version "4.46.3"
  resolved "https://registry.yarnpkg.com/@rollup/rollup-win32-ia32-msvc/-/rollup-win32-ia32-msvc-4.46.3.tgz#94652ba771a90bf2558c0a6c553857148d7ff8f4"
  integrity sha512-vvrVKPRS4GduGR7VMH8EylCBqsDcw6U+/0nPDuIjXQRbHJc6xOBj+frx8ksfZAh6+Fptw5wHrN7etlMmQnPQVg==

"@rollup/rollup-win32-x64-msvc@4.46.3":
  version "4.46.3"
  resolved "https://registry.yarnpkg.com/@rollup/rollup-win32-x64-msvc/-/rollup-win32-x64-msvc-4.46.3.tgz#3d9ed4f8b9f2be7500565515d863c409eaceeb70"
  integrity sha512-fi3cPxCnu3ZeM3EwKZPgXbWoGzm2XHgB/WShKI81uj8wG0+laobmqy5wbgEwzstlbLu4MyO8C19FyhhWseYKNQ==

"@types/estree@1.0.8":
  version "1.0.8"
  resolved "https://registry.yarnpkg.com/@types/estree/-/estree-1.0.8.tgz#958b91c991b1867ced318bedea0e215ee050726e"
  integrity sha512-dWHzHa2WqEXI/O1E9OjrocMTKJl2mSrEolh1Iomrv6U+JuNwaHXsXx9bLu5gG7BUWFIN0skIQJQ/L1rIex4X6w==

"@types/node@^20.0.0":
  version "20.19.11"
  resolved "https://registry.yarnpkg.com/@types/node/-/node-20.19.11.tgz#728cab53092bd5f143beed7fbba7ba99de3c16c4"
  integrity sha512-uug3FEEGv0r+jrecvUUpbY8lLisvIjg6AAic6a2bSP5OEOLeJsDSnvhCDov7ipFFMXS3orMpzlmi0ZcuGkBbow==
  dependencies:
    undici-types "~6.21.0"

esbuild@^0.21.3:
  version "0.21.5"
  resolved "https://registry.yarnpkg.com/esbuild/-/esbuild-0.21.5.tgz#9ca301b120922959b766360d8ac830da0d02997d"
  integrity sha512-mg3OPMV4hXywwpoDxu3Qda5xCKQi+vCTZq8S9J/EpkhB2HzKXq4SNFZE3+NK93JYxc8VMSep+lOUSC/RVKaBqw==
  optionalDependencies:
    "@esbuild/aix-ppc64" "0.21.5"
    "@esbuild/android-arm" "0.21.5"
    "@esbuild/android-arm64" "0.21.5"
    "@esbuild/android-x64" "0.21.5"
    "@esbuild/darwin-arm64" "0.21.5"
    "@esbuild/darwin-x64" "0.21.5"
    "@esbuild/freebsd-arm64" "0.21.5"
    "@esbuild/freebsd-x64" "0.21.5"
    "@esbuild/linux-arm" "0.21.5"
    "@esbuild/linux-arm64" "0.21.5"
    "@esbuild/linux-ia32" "0.21.5"
    "@esbuild/linux-loong64" "0.21.5"
    "@esbuild/linux-mips64el" "0.21.5"
    "@esbuild/linux-ppc64" "0.21.5"
    "@esbuild/linux-riscv64" "0.21.5"
    "@esbuild/linux-s390x" "0.21.5"
    "@esbuild/linux-x64" "0.21.5"
    "@esbuild/netbsd-x64" "0.21.5"
    "@esbuild/openbsd-x64" "0.21.5"
    "@esbuild/sunos-x64" "0.21.5"
    "@esbuild/win32-arm64" "0.21.5"
    "@esbuild/win32-ia32" "0.21.5"
    "@esbuild/win32-x64" "0.21.5"

fsevents@~2.3.2, fsevents@~2.3.3:
  version "2.3.3"
  resolved "https://registry.yarnpkg.com/fsevents/-/fsevents-2.3.3.tgz#cac6407785d03675a2a5e1a5305c697b347d90d6"
  integrity sha512-5xoDfX+fL7faATnagmWPpbFtwh/R77WmMMqqHGS65C3vvB0YHrgF+B1YmZ3441tMj5n63k0212XNoJwzlhffQw==

nanoid@^3.3.11:
  version "3.3.11"
  resolved "https://registry.yarnpkg.com/nanoid/-/nanoid-3.3.11.tgz#4f4f112cefbe303202f2199838128936266d185b"
  integrity sha512-N8SpfPUnUp1bK+PMYW8qSWdl9U+wwNWI4QKxOYDy9JAro3WMX7p2OeVRF9v+347pnakNevPmiHhNmZ2HbFA76w==

picocolors@^1.1.1:
  version "1.1.1"
  resolved "https://registry.yarnpkg.com/picocolors/-/picocolors-1.1.1.tgz#3d321af3eab939b083c8f929a1d12cda81c26b6b"
  integrity sha512-xceH2snhtb5M9liqDsmEw56le376mTZkEX/jEb/RxNFyegNul7eNslCXP9FDj/Lcu0X8KEyMceP2ntpaHrDEVA==

postcss@^8.4.43:
  version "8.5.6"
  resolved "https://registry.yarnpkg.com/postcss/-/postcss-8.5.6.tgz#2825006615a619b4f62a9e7426cc120b349a8f3c"
  integrity sha512-3Ybi1tAuwAP9s0r1UQ2J4n5Y0G05bJkpUIO0/bI9MhwmD70S5aTWbXGBwxHrelT+XM1k6dM0pk+SwNkpTRN7Pg==
  dependencies:
    nanoid "^3.3.11"
    picocolors "^1.1.1"
    source-map-js "^1.2.1"

rollup@^4.20.0:
  version "4.46.3"
  resolved "https://registry.yarnpkg.com/rollup/-/rollup-4.46.3.tgz#ce207dcc18f18c1027c700d705f746df504436cb"
  integrity sha512-RZn2XTjXb8t5g13f5YclGoilU/kwT696DIkY3sywjdZidNSi3+vseaQov7D7BZXVJCPv3pDWUN69C78GGbXsKw==
  dependencies:
    "@types/estree" "1.0.8"
  optionalDependencies:
    "@rollup/rollup-android-arm-eabi" "4.46.3"
    "@rollup/rollup-android-arm64" "4.46.3"
    "@rollup/rollup-darwin-arm64" "4.46.3"
    "@rollup/rollup-darwin-x64" "4.46.3"
    "@rollup/rollup-freebsd-arm64" "4.46.3"
    "@rollup/rollup-freebsd-x64" "4.46.3"
    "@rollup/rollup-linux-arm-gnueabihf" "4.46.3"
    "@rollup/rollup-linux-arm-musleabihf" "4.46.3"
    "@rollup/rollup-linux-arm64-gnu" "4.46.3"
    "@rollup/rollup-linux-arm64-musl" "4.46.3"
    "@rollup/rollup-linux-loongarch64-gnu" "4.46.3"
    "@rollup/rollup-linux-ppc64-gnu" "4.46.3"
    "@rollup/rollup-linux-riscv64-gnu" "4.46.3"
    "@rollup/rollup-linux-riscv64-musl" "4.46.3"
    "@rollup/rollup-linux-s390x-gnu" "4.46.3"
    "@rollup/rollup-linux-x64-gnu" "4.46.3"
    "@rollup/rollup-linux-x64-musl" "4.46.3"
    "@rollup/rollup-win32-arm64-msvc" "4.46.3"
    "@rollup/rollup-win32-ia32-msvc" "4.46.3"
    "@rollup/rollup-win32-x64-msvc" "4.46.3"
    fsevents "~2.3.2"

source-map-js@^1.2.1:
  version "1.2.1"
  resolved "https://registry.yarnpkg.com/source-map-js/-/source-map-js-1.2.1.tgz#1ce5650fddd87abc099eda37dcff024c2667ae46"
  integrity sha512-UXWMKhLOwVKb728IUtQPXxfYU+usdybtUrK/8uGE8CQMvrhOpwvzDBwj0QhSL7MQc7vIsISBG8VQ8+IDQxpfQA==

typescript@^5.0.0:
  version "5.9.2"
  resolved "https://registry.yarnpkg.com/typescript/-/typescript-5.9.2.tgz#d93450cddec5154a2d5cabe3b8102b83316fb2a6"
  integrity sha512-CWBzXQrc/qOkhidw1OzBTQuYRbfyxDXJMVJ1XNwUHGROVmuaeiEm3OslpZ1RV96d7SKKjZKrSJu3+t/xlw3R9A==

undici-types@~6.21.0:
  version "6.21.0"
  resolved "https://registry.yarnpkg.com/undici-types/-/undici-types-6.21.0.tgz#691d00af3909be93a7faa13be61b3a5b50ef12cb"
  integrity sha512-iwDZqg0QAGrg9Rav5H4n0M64c3mkR59cJ6wQp+7C4nI0gsmExaedaYLNO44eT4AtBBwjbTiGPMlt2Md0T9H9JQ==

vite@^5.0.0:
  version "5.4.19"
  resolved "https://registry.yarnpkg.com/vite/-/vite-5.4.19.tgz#20efd060410044b3ed555049418a5e7d1998f959"
  integrity sha512-qO3aKv3HoQC8QKiNSTuUM1l9o/XX3+c+VTgLHbJWHZGeTPVAg2XwazI9UWzoxjIJCGCV2zU60uqMzjeLZuULqA==
  dependencies:
    esbuild "^0.21.3"
    postcss "^8.4.43"
    rollup "^4.20.0"
  optionalDependencies:
    fsevents "~2.3.3"
